// !$*UTF8*$!
{
	archiveVersion = 1;
	classes = {
	};
	objectVersion = 55;
	objects = {

/* Begin PBXBuildFile section */
		83A00DFC286A4289000334FC /* AppDelegate.m in Sources */ = {isa = PBXBuildFile; fileRef = 83A00DFB286A4289000334FC /* AppDelegate.m */; };
		83A00DFF286A4289000334FC /* SceneDelegate.m in Sources */ = {isa = PBXBuildFile; fileRef = 83A00DFE286A4289000334FC /* SceneDelegate.m */; };
		83A00E02286A4289000334FC /* ViewController.m in Sources */ = {isa = PBXBuildFile; fileRef = 83A00E01286A4289000334FC /* ViewController.m */; };
		83A00E05286A4289000334FC /* Main.storyboard in Resources */ = {isa = PBXBuildFile; fileRef = 83A00E03286A4289000334FC /* Main.storyboard */; };
		83A00E07286A4289000334FC /* Assets.xcassets in Resources */ = {isa = PBXBuildFile; fileRef = 83A00E06286A4289000334FC /* Assets.xcassets */; };
		83A00E0A286A4289000334FC /* LaunchScreen.storyboard in Resources */ = {isa = PBXBuildFile; fileRef = 83A00E08286A4289000334FC /* LaunchScreen.storyboard */; };
		83A00E0D286A4289000334FC /* main.m in Sources */ = {isa = PBXBuildFile; fileRef = 83A00E0C286A4289000334FC /* main.m */; };
		83A00E17286A4289000334FC /* instagramTests.m in Sources */ = {isa = PBXBuildFile; fileRef = 83A00E16286A4289000334FC /* instagramTests.m */; };
		83A00E21286A4289000334FC /* instagramUITests.m in Sources */ = {isa = PBXBuildFile; fileRef = 83A00E20286A4289000334FC /* instagramUITests.m */; };
		83A00E23286A4289000334FC /* instagramUITestsLaunchTests.m in Sources */ = {isa = PBXBuildFile; fileRef = 83A00E22286A4289000334FC /* instagramUITestsLaunchTests.m */; };
/* End PBXBuildFile section */

/* Begin PBXContainerItemProxy section */
		83A00E13286A4289000334FC /* PBXContainerItemProxy */ = {
			isa = PBXContainerItemProxy;
			containerPortal = 83A00DEF286A4289000334FC /* Project object */;
			proxyType = 1;
			remoteGlobalIDString = 83A00DF6286A4289000334FC;
			remoteInfo = instagram;
		};
		83A00E1D286A4289000334FC /* PBXContainerItemProxy */ = {
			isa = PBXContainerItemProxy;
			containerPortal = 83A00DEF286A4289000334FC /* Project object */;
			proxyType = 1;
			remoteGlobalIDString = 83A00DF6286A4289000334FC;
			remoteInfo = instagram;
		};
/* End PBXContainerItemProxy section */

/* Begin PBXFileReference section */
		83A00DF7286A4289000334FC /* instagram.app */ = {isa = PBXFileReference; explicitFileType = wrapper.application; includeInIndex = 0; path = instagram.app; sourceTree = BUILT_PRODUCTS_DIR; };
		83A00DFA286A4289000334FC /* AppDelegate.h */ = {isa = PBXFileReference; lastKnownFileType = sourcecode.c.h; path = AppDelegate.h; sourceTree = "<group>"; };
		83A00DFB286A4289000334FC /* AppDelegate.m */ = {isa = PBXFileReference; lastKnownFileType = sourcecode.c.objc; path = AppDelegate.m; sourceTree = "<group>"; };
		83A00DFD286A4289000334FC /* SceneDelegate.h */ = {isa = PBXFileReference; lastKnownFileType = sourcecode.c.h; path = SceneDelegate.h; sourceTree = "<group>"; };
		83A00DFE286A4289000334FC /* SceneDelegate.m */ = {isa = PBXFileReference; lastKnownFileType = sourcecode.c.objc; path = SceneDelegate.m; sourceTree = "<group>"; };
		83A00E00286A4289000334FC /* ViewController.h */ = {isa = PBXFileReference; lastKnownFileType = sourcecode.c.h; path = ViewController.h; sourceTree = "<group>"; };
		83A00E01286A4289000334FC /* ViewController.m */ = {isa = PBXFileReference; lastKnownFileType = sourcecode.c.objc; path = ViewController.m; sourceTree = "<group>"; };
		83A00E04286A4289000334FC /* Base */ = {isa = PBXFileReference; lastKnownFileType = file.storyboard; name = Base; path = Base.lproj/Main.storyboard; sourceTree = "<group>"; };
		83A00E06286A4289000334FC /* Assets.xcassets */ = {isa = PBXFileReference; lastKnownFileType = folder.assetcatalog; path = Assets.xcassets; sourceTree = "<group>"; };
		83A00E09286A4289000334FC /* Base */ = {isa = PBXFileReference; lastKnownFileType = file.storyboard; name = Base; path = Base.lproj/LaunchScreen.storyboard; sourceTree = "<group>"; };
		83A00E0B286A4289000334FC /* Info.plist */ = {isa = PBXFileReference; lastKnownFileType = text.plist.xml; path = Info.plist; sourceTree = "<group>"; };
		83A00E0C286A4289000334FC /* main.m */ = {isa = PBXFileReference; lastKnownFileType = sourcecode.c.objc; path = main.m; sourceTree = "<group>"; };
		83A00E12286A4289000334FC /* instagramTests.xctest */ = {isa = PBXFileReference; explicitFileType = wrapper.cfbundle; includeInIndex = 0; path = instagramTests.xctest; sourceTree = BUILT_PRODUCTS_DIR; };
		83A00E16286A4289000334FC /* instagramTests.m */ = {isa = PBXFileReference; lastKnownFileType = sourcecode.c.objc; path = instagramTests.m; sourceTree = "<group>"; };
		83A00E1C286A4289000334FC /* instagramUITests.xctest */ = {isa = PBXFileReference; explicitFileType = wrapper.cfbundle; includeInIndex = 0; path = instagramUITests.xctest; sourceTree = BUILT_PRODUCTS_DIR; };
		83A00E20286A4289000334FC /* instagramUITests.m */ = {isa = PBXFileReference; lastKnownFileType = sourcecode.c.objc; path = instagramUITests.m; sourceTree = "<group>"; };
		83A00E22286A4289000334FC /* instagramUITestsLaunchTests.m */ = {isa = PBXFileReference; lastKnownFileType = sourcecode.c.objc; path = instagramUITestsLaunchTests.m; sourceTree = "<group>"; };
/* End PBXFileReference section */

/* Begin PBXFrameworksBuildPhase section */
		83A00DF4286A4289000334FC /* Frameworks */ = {
			isa = PBXFrameworksBuildPhase;
			buildActionMask = 2147483647;
			files = (
			);
			runOnlyForDeploymentPostprocessing = 0;
		};
		83A00E0F286A4289000334FC /* Frameworks */ = {
			isa = PBXFrameworksBuildPhase;
			buildActionMask = 2147483647;
			files = (
			);
			runOnlyForDeploymentPostprocessing = 0;
		};
		83A00E19286A4289000334FC /* Frameworks */ = {
			isa = PBXFrameworksBuildPhase;
			buildActionMask = 2147483647;
			files = (
			);
			runOnlyForDeploymentPostprocessing = 0;
		};
/* End PBXFrameworksBuildPhase section */

/* Begin PBXGroup section */
		83A00DEE286A4289000334FC = {
			isa = PBXGroup;
			children = (
				83A00DF9286A4289000334FC /* instagram */,
				83A00E15286A4289000334FC /* instagramTests */,
				83A00E1F286A4289000334FC /* instagramUITests */,
				83A00DF8286A4289000334FC /* Products */,
			);
			sourceTree = "<group>";
		};
		83A00DF8286A4289000334FC /* Products */ = {
			isa = PBXGroup;
			children = (
				83A00DF7286A4289000334FC /* instagram.app */,
				83A00E12286A4289000334FC /* instagramTests.xctest */,
				83A00E1C286A4289000334FC /* instagramUITests.xctest */,
			);
			name = Products;
			sourceTree = "<group>";
		};
		83A00DF9286A4289000334FC /* instagram */ = {
			isa = PBXGroup;
			children = (
				83A00DFA286A4289000334FC /* AppDelegate.h */,
				83A00DFB286A4289000334FC /* AppDelegate.m */,
				83A00DFD286A4289000334FC /* SceneDelegate.h */,
				83A00DFE286A4289000334FC /* SceneDelegate.m */,
				83A00E00286A4289000334FC /* ViewController.h */,
				83A00E01286A4289000334FC /* ViewController.m */,
				83A00E03286A4289000334FC /* Main.storyboard */,
				83A00E06286A4289000334FC /* Assets.xcassets */,
				83A00E08286A4289000334FC /* LaunchScreen.storyboard */,
				83A00E0B286A4289000334FC /* Info.plist */,
				83A00E0C286A4289000334FC /* main.m */,
			);
			path = instagram;
			sourceTree = "<group>";
		};
		83A00E15286A4289000334FC /* instagramTests */ = {
			isa = PBXGroup;
			children = (
				83A00E16286A4289000334FC /* instagramTests.m */,
			);
			path = instagramTests;
			sourceTree = "<group>";
		};
		83A00E1F286A4289000334FC /* instagramUITests */ = {
			isa = PBXGroup;
			children = (
				83A00E20286A4289000334FC /* instagramUITests.m */,
				83A00E22286A4289000334FC /* instagramUITestsLaunchTests.m */,
			);
			path = instagramUITests;
			sourceTree = "<group>";
		};
/* End PBXGroup section */

/* Begin PBXNativeTarget section */
		83A00DF6286A4289000334FC /* instagram */ = {
			isa = PBXNativeTarget;
			buildConfigurationList = 83A00E26286A4289000334FC /* Build configuration list for PBXNativeTarget "instagram" */;
			buildPhases = (
				83A00DF3286A4289000334FC /* Sources */,
				83A00DF4286A4289000334FC /* Frameworks */,
				83A00DF5286A4289000334FC /* Resources */,
			);
			buildRules = (
			);
			dependencies = (
			);
			name = instagram;
			productName = instagram;
			productReference = 83A00DF7286A4289000334FC /* instagram.app */;
			productType = "com.apple.product-type.application";
		};
		83A00E11286A4289000334FC /* instagramTests */ = {
			isa = PBXNativeTarget;
			buildConfigurationList = 83A00E29286A4289000334FC /* Build configuration list for PBXNativeTarget "instagramTests" */;
			buildPhases = (
				83A00E0E286A4289000334FC /* Sources */,
				83A00E0F286A4289000334FC /* Frameworks */,
				83A00E10286A4289000334FC /* Resources */,
			);
			buildRules = (
			);
			dependencies = (
				83A00E14286A4289000334FC /* PBXTargetDependency */,
			);
			name = instagramTests;
			productName = instagramTests;
			productReference = 83A00E12286A4289000334FC /* instagramTests.xctest */;
			productType = "com.apple.product-type.bundle.unit-test";
		};
		83A00E1B286A4289000334FC /* instagramUITests */ = {
			isa = PBXNativeTarget;
			buildConfigurationList = 83A00E2C286A4289000334FC /* Build configuration list for PBXNativeTarget "instagramUITests" */;
			buildPhases = (
				83A00E18286A4289000334FC /* Sources */,
				83A00E19286A4289000334FC /* Frameworks */,
				83A00E1A286A4289000334FC /* Resources */,
			);
			buildRules = (
			);
			dependencies = (
				83A00E1E286A4289000334FC /* PBXTargetDependency */,
			);
			name = instagramUITests;
			productName = instagramUITests;
			productReference = 83A00E1C286A4289000334FC /* instagramUITests.xctest */;
			productType = "com.apple.product-type.bundle.ui-testing";
		};
/* End PBXNativeTarget section */

/* Begin PBXProject section */
		83A00DEF286A4289000334FC /* Project object */ = {
			isa = PBXProject;
			attributes = {
				BuildIndependentTargetsInParallel = 1;
				LastUpgradeCheck = 1340;
				TargetAttributes = {
					83A00DF6286A4289000334FC = {
						CreatedOnToolsVersion = 13.4;
					};
					83A00E11286A4289000334FC = {
						CreatedOnToolsVersion = 13.4;
						TestTargetID = 83A00DF6286A4289000334FC;
					};
					83A00E1B286A4289000334FC = {
						CreatedOnToolsVersion = 13.4;
						TestTargetID = 83A00DF6286A4289000334FC;
					};
				};
			};
			buildConfigurationList = 83A00DF2286A4289000334FC /* Build configuration list for PBXProject "instagram" */;
			compatibilityVersion = "Xcode 13.0";
			developmentRegion = en;
			hasScannedForEncodings = 0;
			knownRegions = (
				en,
				Base,
			);
			mainGroup = 83A00DEE286A4289000334FC;
			productRefGroup = 83A00DF8286A4289000334FC /* Products */;
			projectDirPath = "";
			projectRoot = "";
			targets = (
				83A00DF6286A4289000334FC /* instagram */,
				83A00E11286A4289000334FC /* instagramTests */,
				83A00E1B286A4289000334FC /* instagramUITests */,
			);
		};
/* End PBXProject section */

/* Begin PBXResourcesBuildPhase section */
		83A00DF5286A4289000334FC /* Resources */ = {
			isa = PBXResourcesBuildPhase;
			buildActionMask = 2147483647;
			files = (
				83A00E0A286A4289000334FC /* LaunchScreen.storyboard in Resources */,
				83A00E07286A4289000334FC /* Assets.xcassets in Resources */,
				83A00E05286A4289000334FC /* Main.storyboard in Resources */,
			);
			runOnlyForDeploymentPostprocessing = 0;
		};
		83A00E10286A4289000334FC /* Resources */ = {
			isa = PBXResourcesBuildPhase;
			buildActionMask = 2147483647;
			files = (
			);
			runOnlyForDeploymentPostprocessing = 0;
		};
		83A00E1A286A4289000334FC /* Resources */ = {
			isa = PBXResourcesBuildPhase;
			buildActionMask = 2147483647;
			files = (
			);
			runOnlyForDeploymentPostprocessing = 0;
		};
/* End PBXResourcesBuildPhase section */

/* Begin PBXSourcesBuildPhase section */
		83A00DF3286A4289000334FC /* Sources */ = {
			isa = PBXSourcesBuildPhase;
			buildActionMask = 2147483647;
			files = (
				83A00E02286A4289000334FC /* ViewController.m in Sources */,
				83A00DFC286A4289000334FC /* AppDelegate.m in Sources */,
				83A00E0D286A4289000334FC /* main.m in Sources */,
				83A00DFF286A4289000334FC /* SceneDelegate.m in Sources */,
			);
			runOnlyForDeploymentPostprocessing = 0;
		};
		83A00E0E286A4289000334FC /* Sources */ = {
			isa = PBXSourcesBuildPhase;
			buildActionMask = 2147483647;
			files = (
				83A00E17286A4289000334FC /* instagramTests.m in Sources */,
			);
			runOnlyForDeploymentPostprocessing = 0;
		};
		83A00E18286A4289000334FC /* Sources */ = {
			isa = PBXSourcesBuildPhase;
			buildActionMask = 2147483647;
			files = (
				83A00E21286A4289000334FC /* instagramUITests.m in Sources */,
				83A00E23286A4289000334FC /* instagramUITestsLaunchTests.m in Sources */,
			);
			runOnlyForDeploymentPostprocessing = 0;
		};
/* End PBXSourcesBuildPhase section */

/* Begin PBXTargetDependency section */
		83A00E14286A4289000334FC /* PBXTargetDependency */ = {
			isa = PBXTargetDependency;
			target = 83A00DF6286A4289000334FC /* instagram */;
			targetProxy = 83A00E13286A4289000334FC /* PBXContainerItemProxy */;
		};
		83A00E1E286A4289000334FC /* PBXTargetDependency */ = {
			isa = PBXTargetDependency;
			target = 83A00DF6286A4289000334FC /* instagram */;
			targetProxy = 83A00E1D286A4289000334FC /* PBXContainerItemProxy */;
		};
/* End PBXTargetDependency section */

/* Begin PBXVariantGroup section */
		83A00E03286A4289000334FC /* Main.storyboard */ = {
			isa = PBXVariantGroup;
			children = (
				83A00E04286A4289000334FC /* Base */,
			);
			name = Main.storyboard;
			sourceTree = "<group>";
		};
		83A00E08286A4289000334FC /* LaunchScreen.storyboard */ = {
			isa = PBXVariantGroup;
			children = (
				83A00E09286A4289000334FC /* Base */,
			);
			name = LaunchScreen.storyboard;
			sourceTree = "<group>";
		};
/* End PBXVariantGroup section */

/* Begin XCBuildConfiguration section */
		83A00E24286A4289000334FC /* Debug */ = {
			isa = XCBuildConfiguration;
			buildSettings = {
				ALWAYS_SEARCH_USER_PATHS = NO;
				CLANG_ANALYZER_NONNULL = YES;
				CLANG_ANALYZER_NUMBER_OBJECT_CONVERSION = YES_AGGRESSIVE;
				CLANG_CXX_LANGUAGE_STANDARD = "gnu++17";
				CLANG_ENABLE_MODULES = YES;
				CLANG_ENABLE_OBJC_ARC = YES;
				CLANG_ENABLE_OBJC_WEAK = YES;
				CLANG_WARN_BLOCK_CAPTURE_AUTORELEASING = YES;
				CLANG_WARN_BOOL_CONVERSION = YES;
				CLANG_WARN_COMMA = YES;
				CLANG_WARN_CONSTANT_CONVERSION = YES;
				CLANG_WARN_DEPRECATED_OBJC_IMPLEMENTATIONS = YES;
				CLANG_WARN_DIRECT_OBJC_ISA_USAGE = YES_ERROR;
				CLANG_WARN_DOCUMENTATION_COMMENTS = YES;
				CLANG_WARN_EMPTY_BODY = YES;
				CLANG_WARN_ENUM_CONVERSION = YES;
				CLANG_WARN_INFINITE_RECURSION = YES;
				CLANG_WARN_INT_CONVERSION = YES;
				CLANG_WARN_NON_LITERAL_NULL_CONVERSION = YES;
				CLANG_WARN_OBJC_IMPLICIT_RETAIN_SELF = YES;
				CLANG_WARN_OBJC_LITERAL_CONVERSION = YES;
				CLANG_WARN_OBJC_ROOT_CLASS = YES_ERROR;
				CLANG_WARN_QUOTED_INCLUDE_IN_FRAMEWORK_HEADER = YES;
				CLANG_WARN_RANGE_LOOP_ANALYSIS = YES;
				CLANG_WARN_STRICT_PROTOTYPES = YES;
				CLANG_WARN_SUSPICIOUS_MOVE = YES;
				CLANG_WARN_UNGUARDED_AVAILABILITY = YES_AGGRESSIVE;
				CLANG_WARN_UNREACHABLE_CODE = YES;
				CLANG_WARN__DUPLICATE_METHOD_MATCH = YES;
				COPY_PHASE_STRIP = NO;
				DEBUG_INFORMATION_FORMAT = dwarf;
				ENABLE_STRICT_OBJC_MSGSEND = YES;
				ENABLE_TESTABILITY = YES;
				GCC_C_LANGUAGE_STANDARD = gnu11;
				GCC_DYNAMIC_NO_PIC = NO;
				GCC_NO_COMMON_BLOCKS = YES;
				GCC_OPTIMIZATION_LEVEL = 0;
				GCC_PREPROCESSOR_DEFINITIONS = (
					"DEBUG=1",
					"$(inherited)",
				);
				GCC_WARN_64_TO_32_BIT_CONVERSION = YES;
				GCC_WARN_ABOUT_RETURN_TYPE = YES_ERROR;
				GCC_WARN_UNDECLARED_SELECTOR = YES;
				GCC_WARN_UNINITIALIZED_AUTOS = YES_AGGRESSIVE;
				GCC_WARN_UNUSED_FUNCTION = YES;
				GCC_WARN_UNUSED_VARIABLE = YES;
				IPHONEOS_DEPLOYMENT_TARGET = 15.5;
				MTL_ENABLE_DEBUG_INFO = INCLUDE_SOURCE;
				MTL_FAST_MATH = YES;
				ONLY_ACTIVE_ARCH = YES;
				SDKROOT = iphoneos;
			};
			name = Debug;
		};
		83A00E25286A4289000334FC /* Release */ = {
			isa = XCBuildConfiguration;
			buildSettings = {
				ALWAYS_SEARCH_USER_PATHS = NO;
				CLANG_ANALYZER_NONNULL = YES;
				CLANG_ANALYZER_NUMBER_OBJECT_CONVERSION = YES_AGGRESSIVE;
				CLANG_CXX_LANGUAGE_STANDARD = "gnu++17";
				CLANG_ENABLE_MODULES = YES;
				CLANG_ENABLE_OBJC_ARC = YES;
				CLANG_ENABLE_OBJC_WEAK = YES;
				CLANG_WARN_BLOCK_CAPTURE_AUTORELEASING = YES;
				CLANG_WARN_BOOL_CONVERSION = YES;
				CLANG_WARN_COMMA = YES;
				CLANG_WARN_CONSTANT_CONVERSION = YES;
				CLANG_WARN_DEPRECATED_OBJC_IMPLEMENTATIONS = YES;
				CLANG_WARN_DIRECT_OBJC_ISA_USAGE = YES_ERROR;
				CLANG_WARN_DOCUMENTATION_COMMENTS = YES;
				CLANG_WARN_EMPTY_BODY = YES;
				CLANG_WARN_ENUM_CONVERSION = YES;
				CLANG_WARN_INFINITE_RECURSION = YES;
				CLANG_WARN_INT_CONVERSION = YES;
				CLANG_WARN_NON_LITERAL_NULL_CONVERSION = YES;
				CLANG_WARN_OBJC_IMPLICIT_RETAIN_SELF = YES;
				CLANG_WARN_OBJC_LITERAL_CONVERSION = YES;
				CLANG_WARN_OBJC_ROOT_CLASS = YES_ERROR;
				CLANG_WARN_QUOTED_INCLUDE_IN_FRAMEWORK_HEADER = YES;
				CLANG_WARN_RANGE_LOOP_ANALYSIS = YES;
				CLANG_WARN_STRICT_PROTOTYPES = YES;
				CLANG_WARN_SUSPICIOUS_MOVE = YES;
				CLANG_WARN_UNGUARDED_AVAILABILITY = YES_AGGRESSIVE;
				CLANG_WARN_UNREACHABLE_CODE = YES;
				CLANG_WARN__DUPLICATE_METHOD_MATCH = YES;
				COPY_PHASE_STRIP = NO;
				DEBUG_INFORMATION_FORMAT = "dwarf-with-dsym";
				ENABLE_NS_ASSERTIONS = NO;
				ENABLE_STRICT_OBJC_MSGSEND = YES;
				GCC_C_LANGUAGE_STANDARD = gnu11;
				GCC_NO_COMMON_BLOCKS = YES;
				GCC_WARN_64_TO_32_BIT_CONVERSION = YES;
				GCC_WARN_ABOUT_RETURN_TYPE = YES_ERROR;
				GCC_WARN_UNDECLARED_SELECTOR = YES;
				GCC_WARN_UNINITIALIZED_AUTOS = YES_AGGRESSIVE;
				GCC_WARN_UNUSED_FUNCTION = YES;
				GCC_WARN_UNUSED_VARIABLE = YES;
				IPHONEOS_DEPLOYMENT_TARGET = 15.5;
				MTL_ENABLE_DEBUG_INFO = NO;
				MTL_FAST_MATH = YES;
				SDKROOT = iphoneos;
				VALIDATE_PRODUCT = YES;
			};
			name = Release;
		};
		83A00E27286A4289000334FC /* Debug */ = {
			isa = XCBuildConfiguration;
			buildSettings = {
				ASSETCATALOG_COMPILER_APPICON_NAME = AppIcon;
				ASSETCATALOG_COMPILER_GLOBAL_ACCENT_COLOR_NAME = AccentColor;
				CODE_SIGN_STYLE = Automatic;
				CURRENT_PROJECT_VERSION = 1;
				DEVELOPMENT_TEAM = 9PMPF826L8;
				GENERATE_INFOPLIST_FILE = YES;
				INFOPLIST_FILE = instagram/Info.plist;
				INFOPLIST_KEY_UIApplicationSupportsIndirectInputEvents = YES;
				INFOPLIST_KEY_UILaunchStoryboardName = LaunchScreen;
				INFOPLIST_KEY_UIMainStoryboardFile = Main;
				INFOPLIST_KEY_UISupportedInterfaceOrientations_iPad = "UIInterfaceOrientationPortrait UIInterfaceOrientationPortraitUpsideDown UIInterfaceOrientationLandscapeLeft UIInterfaceOrientationLandscapeRight";
				INFOPLIST_KEY_UISupportedInterfaceOrientations_iPhone = "UIInterfaceOrientationPortrait UIInterfaceOrientationLandscapeLeft UIInterfaceOrientationLandscapeRight";
				LD_RUNPATH_SEARCH_PATHS = (
					"$(inherited)",
					"@executable_path/Frameworks",
				);
				MARKETING_VERSION = 1.0;
				PRODUCT_BUNDLE_IDENTIFIER = com.laurajankowski.instagram;
				PRODUCT_NAME = "$(TARGET_NAME)";
				SWIFT_EMIT_LOC_STRINGS = YES;
				TARGETED_DEVICE_FAMILY = "1,2";
			};
			name = Debug;
		};
		83A00E28286A4289000334FC /* Release */ = {
			isa = XCBuildConfiguration;
			buildSettings = {
				ASSETCATALOG_COMPILER_APPICON_NAME = AppIcon;
				ASSETCATALOG_COMPILER_GLOBAL_ACCENT_COLOR_NAME = AccentColor;
				CODE_SIGN_STYLE = Automatic;
				CURRENT_PROJECT_VERSION = 1;
				DEVELOPMENT_TEAM = 9PMPF826L8;
				GENERATE_INFOPLIST_FILE = YES;
				INFOPLIST_FILE = instagram/Info.plist;
				INFOPLIST_KEY_UIApplicationSupportsIndirectInputEvents = YES;
				INFOPLIST_KEY_UILaunchStoryboardName = LaunchScreen;
				INFOPLIST_KEY_UIMainStoryboardFile = Main;
				INFOPLIST_KEY_UISupportedInterfaceOrientations_iPad = "UIInterfaceOrientationPortrait UIInterfaceOrientationPortraitUpsideDown UIInterfaceOrientationLandscapeLeft UIInterfaceOrientationLandscapeRight";
				INFOPLIST_KEY_UISupportedInterfaceOrientations_iPhone = "UIInterfaceOrientationPortrait UIInterfaceOrientationLandscapeLeft UIInterfaceOrientationLandscapeRight";
				LD_RUNPATH_SEARCH_PATHS = (
					"$(inherited)",
					"@executable_path/Frameworks",
				);
				MARKETING_VERSION = 1.0;
				PRODUCT_BUNDLE_IDENTIFIER = com.laurajankowski.instagram;
				PRODUCT_NAME = "$(TARGET_NAME)";
				SWIFT_EMIT_LOC_STRINGS = YES;
				TARGETED_DEVICE_FAMILY = "1,2";
			};
			name = Release;
		};
		83A00E2A286A4289000334FC /* Debug */ = {
			isa = XCBuildConfiguration;
			buildSettings = {
				BUNDLE_LOADER = "$(TEST_HOST)";
				CODE_SIGN_STYLE = Automatic;
				CURRENT_PROJECT_VERSION = 1;
				DEVELOPMENT_TEAM = 9PMPF826L8;
				GENERATE_INFOPLIST_FILE = YES;
				IPHONEOS_DEPLOYMENT_TARGET = 15.5;
				MARKETING_VERSION = 1.0;
				PRODUCT_BUNDLE_IDENTIFIER = com.laurajankowski.instagramTests;
				PRODUCT_NAME = "$(TARGET_NAME)";
				SWIFT_EMIT_LOC_STRINGS = NO;
				TARGETED_DEVICE_FAMILY = "1,2";
				TEST_HOST = "$(BUILT_PRODUCTS_DIR)/instagram.app/instagram";
			};
			name = Debug;
		};
		83A00E2B286A4289000334FC /* Release */ = {
			isa = XCBuildConfiguration;
			buildSettings = {
				BUNDLE_LOADER = "$(TEST_HOST)";
				CODE_SIGN_STYLE = Automatic;
				CURRENT_PROJECT_VERSION = 1;
				DEVELOPMENT_TEAM = 9PMPF826L8;
				GENERATE_INFOPLIST_FILE = YES;
				IPHONEOS_DEPLOYMENT_TARGET = 15.5;
				MARKETING_VERSION = 1.0;
				PRODUCT_BUNDLE_IDENTIFIER = com.laurajankowski.instagramTests;
				PRODUCT_NAME = "$(TARGET_NAME)";
				SWIFT_EMIT_LOC_STRINGS = NO;
				TARGETED_DEVICE_FAMILY = "1,2";
				TEST_HOST = "$(BUILT_PRODUCTS_DIR)/instagram.app/instagram";
			};
			name = Release;
		};
		83A00E2D286A4289000334FC /* Debug */ = {
			isa = XCBuildConfiguration;
			buildSettings = {
				CODE_SIGN_STYLE = Automatic;
				CURRENT_PROJECT_VERSION = 1;
				DEVELOPMENT_TEAM = 9PMPF826L8;
				GENERATE_INFOPLIST_FILE = YES;
				MARKETING_VERSION = 1.0;
				PRODUCT_BUNDLE_IDENTIFIER = com.laurajankowski.instagramUITests;
				PRODUCT_NAME = "$(TARGET_NAME)";
				SWIFT_EMIT_LOC_STRINGS = NO;
				TARGETED_DEVICE_FAMILY = "1,2";
				TEST_TARGET_NAME = instagram;
			};
			name = Debug;
		};
		83A00E2E286A4289000334FC /* Release */ = {
			isa = XCBuildConfiguration;
			buildSettings = {
				CODE_SIGN_STYLE = Automatic;
				CURRENT_PROJECT_VERSION = 1;
				DEVELOPMENT_TEAM = 9PMPF826L8;
				GENERATE_INFOPLIST_FILE = YES;
				MARKETING_VERSION = 1.0;
				PRODUCT_BUNDLE_IDENTIFIER = com.laurajankowski.instagramUITests;
				PRODUCT_NAME = "$(TARGET_NAME)";
				SWIFT_EMIT_LOC_STRINGS = NO;
				TARGETED_DEVICE_FAMILY = "1,2";
				TEST_TARGET_NAME = instagram;
			};
			name = Release;
		};
/* End XCBuildConfiguration section */

/* Begin XCConfigurationList section */
		83A00DF2286A4289000334FC /* Build configuration list for PBXProject "instagram" */ = {
			isa = XCConfigurationList;
			buildConfigurations = (
				83A00E24286A4289000334FC /* Debug */,
				83A00E25286A4289000334FC /* Release */,
			);
			defaultConfigurationIsVisible = 0;
			defaultConfigurationName = Release;
		};
		83A00E26286A4289000334FC /* Build configuration list for PBXNativeTarget "instagram" */ = {
			isa = XCConfigurationList;
			buildConfigurations = (
				83A00E27286A4289000334FC /* Debug */,
				83A00E28286A4289000334FC /* Release */,
			);
			defaultConfigurationIsVisible = 0;
			defaultConfigurationName = Release;
		};
		83A00E29286A4289000334FC /* Build configuration list for PBXNativeTarget "instagramTests" */ = {
			isa = XCConfigurationList;
			buildConfigurations = (
				83A00E2A286A4289000334FC /* Debug */,
				83A00E2B286A4289000334FC /* Release */,
			);
			defaultConfigurationIsVisible = 0;
			defaultConfigurationName = Release;
		};
		83A00E2C286A4289000334FC /* Build configuration list for PBXNativeTarget "instagramUITests" */ = {
			isa = XCConfigurationList;
			buildConfigurations = (
				83A00E2D286A4289000334FC /* Debug */,
				83A00E2E286A4289000334FC /* Release */,
			);
			defaultConfigurationIsVisible = 0;
			defaultConfigurationName = Release;
		};
/* End XCConfigurationList section */
	};
	rootObject = 83A00DEF286A4289000334FC /* Project object */;
}
