// !$*UTF8*$!
{
	archiveVersion = 1;
	classes = {
	};
	objectVersion = 55;
	objects = {

/* Begin PBXBuildFile section */
		831836FB286A5507000A2B81 /* LoginViewController.m in Sources */ = {isa = PBXBuildFile; fileRef = 831836FA286A5507000A2B81 /* LoginViewController.m */; };
		831836FE286A55EA000A2B81 /* HomeFeedViewController.m in Sources */ = {isa = PBXBuildFile; fileRef = 831836FD286A55EA000A2B81 /* HomeFeedViewController.m */; };
		83183701286A5DEA000A2B81 /* ComposeViewController.m in Sources */ = {isa = PBXBuildFile; fileRef = 83183700286A5DEA000A2B81 /* ComposeViewController.m */; };
		833B1A35286A61EB004E9D0C /* Post.m in Sources */ = {isa = PBXBuildFile; fileRef = 833B1A34286A61EB004E9D0C /* Post.m */; };
		833B1A38286A6ACC004E9D0C /* PostCell.m in Sources */ = {isa = PBXBuildFile; fileRef = 833B1A37286A6ACC004E9D0C /* PostCell.m */; };
		83A00DFC286A4289000334FC /* AppDelegate.m in Sources */ = {isa = PBXBuildFile; fileRef = 83A00DFB286A4289000334FC /* AppDelegate.m */; };
		83A00DFF286A4289000334FC /* SceneDelegate.m in Sources */ = {isa = PBXBuildFile; fileRef = 83A00DFE286A4289000334FC /* SceneDelegate.m */; };
		83A00E02286A4289000334FC /* ViewController.m in Sources */ = {isa = PBXBuildFile; fileRef = 83A00E01286A4289000334FC /* ViewController.m */; };
		83A00E05286A4289000334FC /* Main.storyboard in Resources */ = {isa = PBXBuildFile; fileRef = 83A00E03286A4289000334FC /* Main.storyboard */; };
		83A00E07286A4289000334FC /* Assets.xcassets in Resources */ = {isa = PBXBuildFile; fileRef = 83A00E06286A4289000334FC /* Assets.xcassets */; };
		83A00E0A286A4289000334FC /* LaunchScreen.storyboard in Resources */ = {isa = PBXBuildFile; fileRef = 83A00E08286A4289000334FC /* LaunchScreen.storyboard */; };
		83A00E0D286A4289000334FC /* main.m in Sources */ = {isa = PBXBuildFile; fileRef = 83A00E0C286A4289000334FC /* main.m */; };
		83A00E17286A4289000334FC /* instagramTests.m in Sources */ = {isa = PBXBuildFile; fileRef = 83A00E16286A4289000334FC /* instagramTests.m */; };
		83A00E21286A4289000334FC /* instagramUITests.m in Sources */ = {isa = PBXBuildFile; fileRef = 83A00E20286A4289000334FC /* instagramUITests.m */; };
		83A00E23286A4289000334FC /* instagramUITestsLaunchTests.m in Sources */ = {isa = PBXBuildFile; fileRef = 83A00E22286A4289000334FC /* instagramUITestsLaunchTests.m */; };
		934AB2EF5ADF7868C87AAD58 /* Pods_instagram.framework in Frameworks */ = {isa = PBXBuildFile; fileRef = EAF5E1D77ED85FDA57687E41 /* Pods_instagram.framework */; };
		B321A39E2FE2736E8A6EC926 /* Pods_instagram_instagramUITests.framework in Frameworks */ = {isa = PBXBuildFile; fileRef = 056DB245DB737EDF85AE5BAD /* Pods_instagram_instagramUITests.framework */; };
		C3DF4A90471127E0630B5CA0 /* Pods_instagramTests.framework in Frameworks */ = {isa = PBXBuildFile; fileRef = 6619875AF987E6D17748E3E1 /* Pods_instagramTests.framework */; };
/* End PBXBuildFile section */

/* Begin PBXContainerItemProxy section */
		83A00E13286A4289000334FC /* PBXContainerItemProxy */ = {
			isa = PBXContainerItemProxy;
			containerPortal = 83A00DEF286A4289000334FC /* Project object */;
			proxyType = 1;
			remoteGlobalIDString = 83A00DF6286A4289000334FC;
			remoteInfo = instagram;
		};
		83A00E1D286A4289000334FC /* PBXContainerItemProxy */ = {
			isa = PBXContainerItemProxy;
			containerPortal = 83A00DEF286A4289000334FC /* Project object */;
			proxyType = 1;
			remoteGlobalIDString = 83A00DF6286A4289000334FC;
			remoteInfo = instagram;
		};
/* End PBXContainerItemProxy section */

/* Begin PBXFileReference section */
		056DB245DB737EDF85AE5BAD /* Pods_instagram_instagramUITests.framework */ = {isa = PBXFileReference; explicitFileType = wrapper.framework; includeInIndex = 0; path = Pods_instagram_instagramUITests.framework; sourceTree = BUILT_PRODUCTS_DIR; };
		3A89E0F535AF7F4D1C2411F0 /* Pods-instagramTests.debug.xcconfig */ = {isa = PBXFileReference; includeInIndex = 1; lastKnownFileType = text.xcconfig; name = "Pods-instagramTests.debug.xcconfig"; path = "Target Support Files/Pods-instagramTests/Pods-instagramTests.debug.xcconfig"; sourceTree = "<group>"; };
		3EF2B1BBF52D3226A7E2C667 /* Pods-instagram-instagramUITests.debug.xcconfig */ = {isa = PBXFileReference; includeInIndex = 1; lastKnownFileType = text.xcconfig; name = "Pods-instagram-instagramUITests.debug.xcconfig"; path = "Target Support Files/Pods-instagram-instagramUITests/Pods-instagram-instagramUITests.debug.xcconfig"; sourceTree = "<group>"; };
		4D1F0FC91D83185C401F1896 /* Pods-instagram.debug.xcconfig */ = {isa = PBXFileReference; includeInIndex = 1; lastKnownFileType = text.xcconfig; name = "Pods-instagram.debug.xcconfig"; path = "Target Support Files/Pods-instagram/Pods-instagram.debug.xcconfig"; sourceTree = "<group>"; };
		6619875AF987E6D17748E3E1 /* Pods_instagramTests.framework */ = {isa = PBXFileReference; explicitFileType = wrapper.framework; includeInIndex = 0; path = Pods_instagramTests.framework; sourceTree = BUILT_PRODUCTS_DIR; };
		7091822237161AA7BCCC9B72 /* Pods-instagram.release.xcconfig */ = {isa = PBXFileReference; includeInIndex = 1; lastKnownFileType = text.xcconfig; name = "Pods-instagram.release.xcconfig"; path = "Target Support Files/Pods-instagram/Pods-instagram.release.xcconfig"; sourceTree = "<group>"; };
		831836F9286A5507000A2B81 /* LoginViewController.h */ = {isa = PBXFileReference; lastKnownFileType = sourcecode.c.h; path = LoginViewController.h; sourceTree = "<group>"; };
		831836FA286A5507000A2B81 /* LoginViewController.m */ = {isa = PBXFileReference; lastKnownFileType = sourcecode.c.objc; path = LoginViewController.m; sourceTree = "<group>"; };
		831836FC286A55EA000A2B81 /* HomeFeedViewController.h */ = {isa = PBXFileReference; lastKnownFileType = sourcecode.c.h; path = HomeFeedViewController.h; sourceTree = "<group>"; };
		831836FD286A55EA000A2B81 /* HomeFeedViewController.m */ = {isa = PBXFileReference; lastKnownFileType = sourcecode.c.objc; path = HomeFeedViewController.m; sourceTree = "<group>"; };
		831836FF286A5DEA000A2B81 /* ComposeViewController.h */ = {isa = PBXFileReference; lastKnownFileType = sourcecode.c.h; path = ComposeViewController.h; sourceTree = "<group>"; };
		83183700286A5DEA000A2B81 /* ComposeViewController.m */ = {isa = PBXFileReference; lastKnownFileType = sourcecode.c.objc; path = ComposeViewController.m; sourceTree = "<group>"; };
		833B1A33286A61EB004E9D0C /* Post.h */ = {isa = PBXFileReference; lastKnownFileType = sourcecode.c.h; path = Post.h; sourceTree = "<group>"; };
		833B1A34286A61EB004E9D0C /* Post.m */ = {isa = PBXFileReference; lastKnownFileType = sourcecode.c.objc; path = Post.m; sourceTree = "<group>"; };
		833B1A36286A6ACC004E9D0C /* PostCell.h */ = {isa = PBXFileReference; lastKnownFileType = sourcecode.c.h; path = PostCell.h; sourceTree = "<group>"; };
		833B1A37286A6ACC004E9D0C /* PostCell.m */ = {isa = PBXFileReference; lastKnownFileType = sourcecode.c.objc; path = PostCell.m; sourceTree = "<group>"; };
		83A00DF7286A4289000334FC /* instagram.app */ = {isa = PBXFileReference; explicitFileType = wrapper.application; includeInIndex = 0; path = instagram.app; sourceTree = BUILT_PRODUCTS_DIR; };
		83A00DFA286A4289000334FC /* AppDelegate.h */ = {isa = PBXFileReference; lastKnownFileType = sourcecode.c.h; path = AppDelegate.h; sourceTree = "<group>"; };
		83A00DFB286A4289000334FC /* AppDelegate.m */ = {isa = PBXFileReference; lastKnownFileType = sourcecode.c.objc; path = AppDelegate.m; sourceTree = "<group>"; };
		83A00DFD286A4289000334FC /* SceneDelegate.h */ = {isa = PBXFileReference; lastKnownFileType = sourcecode.c.h; path = SceneDelegate.h; sourceTree = "<group>"; };
		83A00DFE286A4289000334FC /* SceneDelegate.m */ = {isa = PBXFileReference; lastKnownFileType = sourcecode.c.objc; path = SceneDelegate.m; sourceTree = "<group>"; };
		83A00E00286A4289000334FC /* ViewController.h */ = {isa = PBXFileReference; lastKnownFileType = sourcecode.c.h; path = ViewController.h; sourceTree = "<group>"; };
		83A00E01286A4289000334FC /* ViewController.m */ = {isa = PBXFileReference; lastKnownFileType = sourcecode.c.objc; path = ViewController.m; sourceTree = "<group>"; };
		83A00E04286A4289000334FC /* Base */ = {isa = PBXFileReference; lastKnownFileType = file.storyboard; name = Base; path = Base.lproj/Main.storyboard; sourceTree = "<group>"; };
		83A00E06286A4289000334FC /* Assets.xcassets */ = {isa = PBXFileReference; lastKnownFileType = folder.assetcatalog; path = Assets.xcassets; sourceTree = "<group>"; };
		83A00E09286A4289000334FC /* Base */ = {isa = PBXFileReference; lastKnownFileType = file.storyboard; name = Base; path = Base.lproj/LaunchScreen.storyboard; sourceTree = "<group>"; };
		83A00E0B286A4289000334FC /* Info.plist */ = {isa = PBXFileReference; lastKnownFileType = text.plist.xml; path = Info.plist; sourceTree = "<group>"; };
		83A00E0C286A4289000334FC /* main.m */ = {isa = PBXFileReference; lastKnownFileType = sourcecode.c.objc; path = main.m; sourceTree = "<group>"; };
		83A00E12286A4289000334FC /* instagramTests.xctest */ = {isa = PBXFileReference; explicitFileType = wrapper.cfbundle; includeInIndex = 0; path = instagramTests.xctest; sourceTree = BUILT_PRODUCTS_DIR; };
		83A00E16286A4289000334FC /* instagramTests.m */ = {isa = PBXFileReference; lastKnownFileType = sourcecode.c.objc; path = instagramTests.m; sourceTree = "<group>"; };
		83A00E1C286A4289000334FC /* instagramUITests.xctest */ = {isa = PBXFileReference; explicitFileType = wrapper.cfbundle; includeInIndex = 0; path = instagramUITests.xctest; sourceTree = BUILT_PRODUCTS_DIR; };
		83A00E20286A4289000334FC /* instagramUITests.m */ = {isa = PBXFileReference; lastKnownFileType = sourcecode.c.objc; path = instagramUITests.m; sourceTree = "<group>"; };
		83A00E22286A4289000334FC /* instagramUITestsLaunchTests.m */ = {isa = PBXFileReference; lastKnownFileType = sourcecode.c.objc; path = instagramUITestsLaunchTests.m; sourceTree = "<group>"; };
		C7FB7E9173DF53E18799C5A9 /* Pods-instagramTests.release.xcconfig */ = {isa = PBXFileReference; includeInIndex = 1; lastKnownFileType = text.xcconfig; name = "Pods-instagramTests.release.xcconfig"; path = "Target Support Files/Pods-instagramTests/Pods-instagramTests.release.xcconfig"; sourceTree = "<group>"; };
		EAF5E1D77ED85FDA57687E41 /* Pods_instagram.framework */ = {isa = PBXFileReference; explicitFileType = wrapper.framework; includeInIndex = 0; path = Pods_instagram.framework; sourceTree = BUILT_PRODUCTS_DIR; };
		EEE61AF83B8D673C8B109869 /* Pods-instagram-instagramUITests.release.xcconfig */ = {isa = PBXFileReference; includeInIndex = 1; lastKnownFileType = text.xcconfig; name = "Pods-instagram-instagramUITests.release.xcconfig"; path = "Target Support Files/Pods-instagram-instagramUITests/Pods-instagram-instagramUITests.release.xcconfig"; sourceTree = "<group>"; };
/* End PBXFileReference section */

/* Begin PBXFrameworksBuildPhase section */
		83A00DF4286A4289000334FC /* Frameworks */ = {
			isa = PBXFrameworksBuildPhase;
			buildActionMask = 2147483647;
			files = (
				934AB2EF5ADF7868C87AAD58 /* Pods_instagram.framework in Frameworks */,
			);
			runOnlyForDeploymentPostprocessing = 0;
		};
		83A00E0F286A4289000334FC /* Frameworks */ = {
			isa = PBXFrameworksBuildPhase;
			buildActionMask = 2147483647;
			files = (
				C3DF4A90471127E0630B5CA0 /* Pods_instagramTests.framework in Frameworks */,
			);
			runOnlyForDeploymentPostprocessing = 0;
		};
		83A00E19286A4289000334FC /* Frameworks */ = {
			isa = PBXFrameworksBuildPhase;
			buildActionMask = 2147483647;
			files = (
				B321A39E2FE2736E8A6EC926 /* Pods_instagram_instagramUITests.framework in Frameworks */,
			);
			runOnlyForDeploymentPostprocessing = 0;
		};
/* End PBXFrameworksBuildPhase section */

/* Begin PBXGroup section */
		261077661EDC670A1D6108B0 /* Pods */ = {
			isa = PBXGroup;
			children = (
				4D1F0FC91D83185C401F1896 /* Pods-instagram.debug.xcconfig */,
				7091822237161AA7BCCC9B72 /* Pods-instagram.release.xcconfig */,
				3EF2B1BBF52D3226A7E2C667 /* Pods-instagram-instagramUITests.debug.xcconfig */,
				EEE61AF83B8D673C8B109869 /* Pods-instagram-instagramUITests.release.xcconfig */,
				3A89E0F535AF7F4D1C2411F0 /* Pods-instagramTests.debug.xcconfig */,
				C7FB7E9173DF53E18799C5A9 /* Pods-instagramTests.release.xcconfig */,
			);
			path = Pods;
			sourceTree = "<group>";
		};
		3FA25F4B81528CF5DA7ED390 /* Frameworks */ = {
			isa = PBXGroup;
			children = (
				EAF5E1D77ED85FDA57687E41 /* Pods_instagram.framework */,
				056DB245DB737EDF85AE5BAD /* Pods_instagram_instagramUITests.framework */,
				6619875AF987E6D17748E3E1 /* Pods_instagramTests.framework */,
			);
			name = Frameworks;
			sourceTree = "<group>";
		};
		833B1A39286A7ED4004E9D0C /* ViewContollers */ = {
			isa = PBXGroup;
			children = (
				831836FD286A55EA000A2B81 /* HomeFeedViewController.m */,
				831836FC286A55EA000A2B81 /* HomeFeedViewController.h */,
				83183700286A5DEA000A2B81 /* ComposeViewController.m */,
				831836FF286A5DEA000A2B81 /* ComposeViewController.h */,
				831836F9286A5507000A2B81 /* LoginViewController.h */,
				831836FA286A5507000A2B81 /* LoginViewController.m */,
				83A00E00286A4289000334FC /* ViewController.h */,
				83A00E01286A4289000334FC /* ViewController.m */,
			);
			path = ViewContollers;
			sourceTree = "<group>";
		};
		83A00DEE286A4289000334FC = {
			isa = PBXGroup;
			children = (
				83A00DF9286A4289000334FC /* instagram */,
				83A00E15286A4289000334FC /* instagramTests */,
				83A00E1F286A4289000334FC /* instagramUITests */,
				83A00DF8286A4289000334FC /* Products */,
				261077661EDC670A1D6108B0 /* Pods */,
				3FA25F4B81528CF5DA7ED390 /* Frameworks */,
			);
			sourceTree = "<group>";
		};
		83A00DF8286A4289000334FC /* Products */ = {
			isa = PBXGroup;
			children = (
				83A00DF7286A4289000334FC /* instagram.app */,
				83A00E12286A4289000334FC /* instagramTests.xctest */,
				83A00E1C286A4289000334FC /* instagramUITests.xctest */,
			);
			name = Products;
			sourceTree = "<group>";
		};
		83A00DF9286A4289000334FC /* instagram */ = {
			isa = PBXGroup;
			children = (
				833B1A39286A7ED4004E9D0C /* ViewContollers */,
				833B1A36286A6ACC004E9D0C /* PostCell.h */,
				833B1A37286A6ACC004E9D0C /* PostCell.m */,
				83A00DFA286A4289000334FC /* AppDelegate.h */,
				83A00DFB286A4289000334FC /* AppDelegate.m */,
				83A00DFD286A4289000334FC /* SceneDelegate.h */,
				83A00DFE286A4289000334FC /* SceneDelegate.m */,
				83A00E03286A4289000334FC /* Main.storyboard */,
				833B1A33286A61EB004E9D0C /* Post.h */,
				833B1A34286A61EB004E9D0C /* Post.m */,
				83A00E06286A4289000334FC /* Assets.xcassets */,
				83A00E08286A4289000334FC /* LaunchScreen.storyboard */,
				83A00E0B286A4289000334FC /* Info.plist */,
				83A00E0C286A4289000334FC /* main.m */,
			);
			path = instagram;
			sourceTree = "<group>";
		};
		83A00E15286A4289000334FC /* instagramTests */ = {
			isa = PBXGroup;
			children = (
				83A00E16286A4289000334FC /* instagramTests.m */,
			);
			path = instagramTests;
			sourceTree = "<group>";
		};
		83A00E1F286A4289000334FC /* instagramUITests */ = {
			isa = PBXGroup;
			children = (
				83A00E20286A4289000334FC /* instagramUITests.m */,
				83A00E22286A4289000334FC /* instagramUITestsLaunchTests.m */,
			);
			path = instagramUITests;
			sourceTree = "<group>";
		};
/* End PBXGroup section */

/* Begin PBXNativeTarget section */
		83A00DF6286A4289000334FC /* instagram */ = {
			isa = PBXNativeTarget;
			buildConfigurationList = 83A00E26286A4289000334FC /* Build configuration list for PBXNativeTarget "instagram" */;
			buildPhases = (
				1C7EB093027A3CECF5B9EE16 /* [CP] Check Pods Manifest.lock */,
				83A00DF3286A4289000334FC /* Sources */,
				83A00DF4286A4289000334FC /* Frameworks */,
				83A00DF5286A4289000334FC /* Resources */,
				8B84FF11C3DC23F0A9CE7165 /* [CP] Embed Pods Frameworks */,
			);
			buildRules = (
			);
			dependencies = (
			);
			name = instagram;
			productName = instagram;
			productReference = 83A00DF7286A4289000334FC /* instagram.app */;
			productType = "com.apple.product-type.application";
		};
		83A00E11286A4289000334FC /* instagramTests */ = {
			isa = PBXNativeTarget;
			buildConfigurationList = 83A00E29286A4289000334FC /* Build configuration list for PBXNativeTarget "instagramTests" */;
			buildPhases = (
				CEAB4E1CB846F91C6C00946C /* [CP] Check Pods Manifest.lock */,
				83A00E0E286A4289000334FC /* Sources */,
				83A00E0F286A4289000334FC /* Frameworks */,
				83A00E10286A4289000334FC /* Resources */,
			);
			buildRules = (
			);
			dependencies = (
				83A00E14286A4289000334FC /* PBXTargetDependency */,
			);
			name = instagramTests;
			productName = instagramTests;
			productReference = 83A00E12286A4289000334FC /* instagramTests.xctest */;
			productType = "com.apple.product-type.bundle.unit-test";
		};
		83A00E1B286A4289000334FC /* instagramUITests */ = {
			isa = PBXNativeTarget;
			buildConfigurationList = 83A00E2C286A4289000334FC /* Build configuration list for PBXNativeTarget "instagramUITests" */;
			buildPhases = (
				F0275C33F5AFDD49DE75AA05 /* [CP] Check Pods Manifest.lock */,
				83A00E18286A4289000334FC /* Sources */,
				83A00E19286A4289000334FC /* Frameworks */,
				83A00E1A286A4289000334FC /* Resources */,
				CB70247B8232465776F72EF6 /* [CP] Embed Pods Frameworks */,
			);
			buildRules = (
			);
			dependencies = (
				83A00E1E286A4289000334FC /* PBXTargetDependency */,
			);
			name = instagramUITests;
			productName = instagramUITests;
			productReference = 83A00E1C286A4289000334FC /* instagramUITests.xctest */;
			productType = "com.apple.product-type.bundle.ui-testing";
		};
/* End PBXNativeTarget section */

/* Begin PBXProject section */
		83A00DEF286A4289000334FC /* Project object */ = {
			isa = PBXProject;
			attributes = {
				BuildIndependentTargetsInParallel = 1;
				LastUpgradeCheck = 1340;
				TargetAttributes = {
					83A00DF6286A4289000334FC = {
						CreatedOnToolsVersion = 13.4;
					};
					83A00E11286A4289000334FC = {
						CreatedOnToolsVersion = 13.4;
						TestTargetID = 83A00DF6286A4289000334FC;
					};
					83A00E1B286A4289000334FC = {
						CreatedOnToolsVersion = 13.4;
						TestTargetID = 83A00DF6286A4289000334FC;
					};
				};
			};
			buildConfigurationList = 83A00DF2286A4289000334FC /* Build configuration list for PBXProject "instagram" */;
			compatibilityVersion = "Xcode 13.0";
			developmentRegion = en;
			hasScannedForEncodings = 0;
			knownRegions = (
				en,
				Base,
			);
			mainGroup = 83A00DEE286A4289000334FC;
			productRefGroup = 83A00DF8286A4289000334FC /* Products */;
			projectDirPath = "";
			projectRoot = "";
			targets = (
				83A00DF6286A4289000334FC /* instagram */,
				83A00E11286A4289000334FC /* instagramTests */,
				83A00E1B286A4289000334FC /* instagramUITests */,
			);
		};
/* End PBXProject section */

/* Begin PBXResourcesBuildPhase section */
		83A00DF5286A4289000334FC /* Resources */ = {
			isa = PBXResourcesBuildPhase;
			buildActionMask = 2147483647;
			files = (
				83A00E0A286A4289000334FC /* LaunchScreen.storyboard in Resources */,
				83A00E07286A4289000334FC /* Assets.xcassets in Resources */,
				83A00E05286A4289000334FC /* Main.storyboard in Resources */,
			);
			runOnlyForDeploymentPostprocessing = 0;
		};
		83A00E10286A4289000334FC /* Resources */ = {
			isa = PBXResourcesBuildPhase;
			buildActionMask = 2147483647;
			files = (
			);
			runOnlyForDeploymentPostprocessing = 0;
		};
		83A00E1A286A4289000334FC /* Resources */ = {
			isa = PBXResourcesBuildPhase;
			buildActionMask = 2147483647;
			files = (
			);
			runOnlyForDeploymentPostprocessing = 0;
		};
/* End PBXResourcesBuildPhase section */

/* Begin PBXShellScriptBuildPhase section */
		1C7EB093027A3CECF5B9EE16 /* [CP] Check Pods Manifest.lock */ = {
			isa = PBXShellScriptBuildPhase;
			buildActionMask = 2147483647;
			files = (
			);
			inputFileListPaths = (
			);
			inputPaths = (
				"${PODS_PODFILE_DIR_PATH}/Podfile.lock",
				"${PODS_ROOT}/Manifest.lock",
			);
			name = "[CP] Check Pods Manifest.lock";
			outputFileListPaths = (
			);
			outputPaths = (
				"$(DERIVED_FILE_DIR)/Pods-instagram-checkManifestLockResult.txt",
			);
			runOnlyForDeploymentPostprocessing = 0;
			shellPath = /bin/sh;
			shellScript = "diff \"${PODS_PODFILE_DIR_PATH}/Podfile.lock\" \"${PODS_ROOT}/Manifest.lock\" > /dev/null\nif [ $? != 0 ] ; then\n    # print error to STDERR\n    echo \"error: The sandbox is not in sync with the Podfile.lock. Run 'pod install' or update your CocoaPods installation.\" >&2\n    exit 1\nfi\n# This output is used by Xcode 'outputs' to avoid re-running this script phase.\necho \"SUCCESS\" > \"${SCRIPT_OUTPUT_FILE_0}\"\n";
			showEnvVarsInLog = 0;
		};
		8B84FF11C3DC23F0A9CE7165 /* [CP] Embed Pods Frameworks */ = {
			isa = PBXShellScriptBuildPhase;
			buildActionMask = 2147483647;
			files = (
			);
			inputFileListPaths = (
				"${PODS_ROOT}/Target Support Files/Pods-instagram/Pods-instagram-frameworks-${CONFIGURATION}-input-files.xcfilelist",
			);
			name = "[CP] Embed Pods Frameworks";
			outputFileListPaths = (
				"${PODS_ROOT}/Target Support Files/Pods-instagram/Pods-instagram-frameworks-${CONFIGURATION}-output-files.xcfilelist",
			);
			runOnlyForDeploymentPostprocessing = 0;
			shellPath = /bin/sh;
			shellScript = "\"${PODS_ROOT}/Target Support Files/Pods-instagram/Pods-instagram-frameworks.sh\"\n";
			showEnvVarsInLog = 0;
		};
		CB70247B8232465776F72EF6 /* [CP] Embed Pods Frameworks */ = {
			isa = PBXShellScriptBuildPhase;
			buildActionMask = 2147483647;
			files = (
			);
			inputFileListPaths = (
				"${PODS_ROOT}/Target Support Files/Pods-instagram-instagramUITests/Pods-instagram-instagramUITests-frameworks-${CONFIGURATION}-input-files.xcfilelist",
			);
			name = "[CP] Embed Pods Frameworks";
			outputFileListPaths = (
				"${PODS_ROOT}/Target Support Files/Pods-instagram-instagramUITests/Pods-instagram-instagramUITests-frameworks-${CONFIGURATION}-output-files.xcfilelist",
			);
			runOnlyForDeploymentPostprocessing = 0;
			shellPath = /bin/sh;
			shellScript = "\"${PODS_ROOT}/Target Support Files/Pods-instagram-instagramUITests/Pods-instagram-instagramUITests-frameworks.sh\"\n";
			showEnvVarsInLog = 0;
		};
		CEAB4E1CB846F91C6C00946C /* [CP] Check Pods Manifest.lock */ = {
			isa = PBXShellScriptBuildPhase;
			buildActionMask = 2147483647;
			files = (
			);
			inputFileListPaths = (
			);
			inputPaths = (
				"${PODS_PODFILE_DIR_PATH}/Podfile.lock",
				"${PODS_ROOT}/Manifest.lock",
			);
			name = "[CP] Check Pods Manifest.lock";
			outputFileListPaths = (
			);
			outputPaths = (
				"$(DERIVED_FILE_DIR)/Pods-instagramTests-checkManifestLockResult.txt",
			);
			runOnlyForDeploymentPostprocessing = 0;
			shellPath = /bin/sh;
			shellScript = "diff \"${PODS_PODFILE_DIR_PATH}/Podfile.lock\" \"${PODS_ROOT}/Manifest.lock\" > /dev/null\nif [ $? != 0 ] ; then\n    # print error to STDERR\n    echo \"error: The sandbox is not in sync with the Podfile.lock. Run 'pod install' or update your CocoaPods installation.\" >&2\n    exit 1\nfi\n# This output is used by Xcode 'outputs' to avoid re-running this script phase.\necho \"SUCCESS\" > \"${SCRIPT_OUTPUT_FILE_0}\"\n";
			showEnvVarsInLog = 0;
		};
		F0275C33F5AFDD49DE75AA05 /* [CP] Check Pods Manifest.lock */ = {
			isa = PBXShellScriptBuildPhase;
			buildActionMask = 2147483647;
			files = (
			);
			inputFileListPaths = (
			);
			inputPaths = (
				"${PODS_PODFILE_DIR_PATH}/Podfile.lock",
				"${PODS_ROOT}/Manifest.lock",
			);
			name = "[CP] Check Pods Manifest.lock";
			outputFileListPaths = (
			);
			outputPaths = (
				"$(DERIVED_FILE_DIR)/Pods-instagram-instagramUITests-checkManifestLockResult.txt",
			);
			runOnlyForDeploymentPostprocessing = 0;
			shellPath = /bin/sh;
			shellScript = "diff \"${PODS_PODFILE_DIR_PATH}/Podfile.lock\" \"${PODS_ROOT}/Manifest.lock\" > /dev/null\nif [ $? != 0 ] ; then\n    # print error to STDERR\n    echo \"error: The sandbox is not in sync with the Podfile.lock. Run 'pod install' or update your CocoaPods installation.\" >&2\n    exit 1\nfi\n# This output is used by Xcode 'outputs' to avoid re-running this script phase.\necho \"SUCCESS\" > \"${SCRIPT_OUTPUT_FILE_0}\"\n";
			showEnvVarsInLog = 0;
		};
/* End PBXShellScriptBuildPhase section */

/* Begin PBXSourcesBuildPhase section */
		83A00DF3286A4289000334FC /* Sources */ = {
			isa = PBXSourcesBuildPhase;
			buildActionMask = 2147483647;
			files = (
				83A00E02286A4289000334FC /* ViewController.m in Sources */,
				831836FE286A55EA000A2B81 /* HomeFeedViewController.m in Sources */,
				83A00DFC286A4289000334FC /* AppDelegate.m in Sources */,
				83A00E0D286A4289000334FC /* main.m in Sources */,
				83183701286A5DEA000A2B81 /* ComposeViewController.m in Sources */,
				833B1A38286A6ACC004E9D0C /* PostCell.m in Sources */,
				83A00DFF286A4289000334FC /* SceneDelegate.m in Sources */,
				831836FB286A5507000A2B81 /* LoginViewController.m in Sources */,
				833B1A35286A61EB004E9D0C /* Post.m in Sources */,
			);
			runOnlyForDeploymentPostprocessing = 0;
		};
		83A00E0E286A4289000334FC /* Sources */ = {
			isa = PBXSourcesBuildPhase;
			buildActionMask = 2147483647;
			files = (
				83A00E17286A4289000334FC /* instagramTests.m in Sources */,
			);
			runOnlyForDeploymentPostprocessing = 0;
		};
		83A00E18286A4289000334FC /* Sources */ = {
			isa = PBXSourcesBuildPhase;
			buildActionMask = 2147483647;
			files = (
				83A00E21286A4289000334FC /* instagramUITests.m in Sources */,
				83A00E23286A4289000334FC /* instagramUITestsLaunchTests.m in Sources */,
			);
			runOnlyForDeploymentPostprocessing = 0;
		};
/* End PBXSourcesBuildPhase section */

/* Begin PBXTargetDependency section */
		83A00E14286A4289000334FC /* PBXTargetDependency */ = {
			isa = PBXTargetDependency;
			target = 83A00DF6286A4289000334FC /* instagram */;
			targetProxy = 83A00E13286A4289000334FC /* PBXContainerItemProxy */;
		};
		83A00E1E286A4289000334FC /* PBXTargetDependency */ = {
			isa = PBXTargetDependency;
			target = 83A00DF6286A4289000334FC /* instagram */;
			targetProxy = 83A00E1D286A4289000334FC /* PBXContainerItemProxy */;
		};
/* End PBXTargetDependency section */

/* Begin PBXVariantGroup section */
		83A00E03286A4289000334FC /* Main.storyboard */ = {
			isa = PBXVariantGroup;
			children = (
				83A00E04286A4289000334FC /* Base */,
			);
			name = Main.storyboard;
			sourceTree = "<group>";
		};
		83A00E08286A4289000334FC /* LaunchScreen.storyboard */ = {
			isa = PBXVariantGroup;
			children = (
				83A00E09286A4289000334FC /* Base */,
			);
			name = LaunchScreen.storyboard;
			sourceTree = "<group>";
		};
/* End PBXVariantGroup section */

/* Begin XCBuildConfiguration section */
		83A00E24286A4289000334FC /* Debug */ = {
			isa = XCBuildConfiguration;
			buildSettings = {
				ALWAYS_SEARCH_USER_PATHS = NO;
				CLANG_ANALYZER_NONNULL = YES;
				CLANG_ANALYZER_NUMBER_OBJECT_CONVERSION = YES_AGGRESSIVE;
				CLANG_CXX_LANGUAGE_STANDARD = "gnu++17";
				CLANG_ENABLE_MODULES = YES;
				CLANG_ENABLE_OBJC_ARC = YES;
				CLANG_ENABLE_OBJC_WEAK = YES;
				CLANG_WARN_BLOCK_CAPTURE_AUTORELEASING = YES;
				CLANG_WARN_BOOL_CONVERSION = YES;
				CLANG_WARN_COMMA = YES;
				CLANG_WARN_CONSTANT_CONVERSION = YES;
				CLANG_WARN_DEPRECATED_OBJC_IMPLEMENTATIONS = YES;
				CLANG_WARN_DIRECT_OBJC_ISA_USAGE = YES_ERROR;
				CLANG_WARN_DOCUMENTATION_COMMENTS = YES;
				CLANG_WARN_EMPTY_BODY = YES;
				CLANG_WARN_ENUM_CONVERSION = YES;
				CLANG_WARN_INFINITE_RECURSION = YES;
				CLANG_WARN_INT_CONVERSION = YES;
				CLANG_WARN_NON_LITERAL_NULL_CONVERSION = YES;
				CLANG_WARN_OBJC_IMPLICIT_RETAIN_SELF = YES;
				CLANG_WARN_OBJC_LITERAL_CONVERSION = YES;
				CLANG_WARN_OBJC_ROOT_CLASS = YES_ERROR;
				CLANG_WARN_QUOTED_INCLUDE_IN_FRAMEWORK_HEADER = YES;
				CLANG_WARN_RANGE_LOOP_ANALYSIS = YES;
				CLANG_WARN_STRICT_PROTOTYPES = YES;
				CLANG_WARN_SUSPICIOUS_MOVE = YES;
				CLANG_WARN_UNGUARDED_AVAILABILITY = YES_AGGRESSIVE;
				CLANG_WARN_UNREACHABLE_CODE = YES;
				CLANG_WARN__DUPLICATE_METHOD_MATCH = YES;
				COPY_PHASE_STRIP = NO;
				DEBUG_INFORMATION_FORMAT = dwarf;
				ENABLE_STRICT_OBJC_MSGSEND = YES;
				ENABLE_TESTABILITY = YES;
				GCC_C_LANGUAGE_STANDARD = gnu11;
				GCC_DYNAMIC_NO_PIC = NO;
				GCC_NO_COMMON_BLOCKS = YES;
				GCC_OPTIMIZATION_LEVEL = 0;
				GCC_PREPROCESSOR_DEFINITIONS = (
					"DEBUG=1",
					"$(inherited)",
				);
				GCC_WARN_64_TO_32_BIT_CONVERSION = YES;
				GCC_WARN_ABOUT_RETURN_TYPE = YES_ERROR;
				GCC_WARN_UNDECLARED_SELECTOR = YES;
				GCC_WARN_UNINITIALIZED_AUTOS = YES_AGGRESSIVE;
				GCC_WARN_UNUSED_FUNCTION = YES;
				GCC_WARN_UNUSED_VARIABLE = YES;
				IPHONEOS_DEPLOYMENT_TARGET = 15.5;
				MTL_ENABLE_DEBUG_INFO = INCLUDE_SOURCE;
				MTL_FAST_MATH = YES;
				ONLY_ACTIVE_ARCH = YES;
				SDKROOT = iphoneos;
			};
			name = Debug;
		};
		83A00E25286A4289000334FC /* Release */ = {
			isa = XCBuildConfiguration;
			buildSettings = {
				ALWAYS_SEARCH_USER_PATHS = NO;
				CLANG_ANALYZER_NONNULL = YES;
				CLANG_ANALYZER_NUMBER_OBJECT_CONVERSION = YES_AGGRESSIVE;
				CLANG_CXX_LANGUAGE_STANDARD = "gnu++17";
				CLANG_ENABLE_MODULES = YES;
				CLANG_ENABLE_OBJC_ARC = YES;
				CLANG_ENABLE_OBJC_WEAK = YES;
				CLANG_WARN_BLOCK_CAPTURE_AUTORELEASING = YES;
				CLANG_WARN_BOOL_CONVERSION = YES;
				CLANG_WARN_COMMA = YES;
				CLANG_WARN_CONSTANT_CONVERSION = YES;
				CLANG_WARN_DEPRECATED_OBJC_IMPLEMENTATIONS = YES;
				CLANG_WARN_DIRECT_OBJC_ISA_USAGE = YES_ERROR;
				CLANG_WARN_DOCUMENTATION_COMMENTS = YES;
				CLANG_WARN_EMPTY_BODY = YES;
				CLANG_WARN_ENUM_CONVERSION = YES;
				CLANG_WARN_INFINITE_RECURSION = YES;
				CLANG_WARN_INT_CONVERSION = YES;
				CLANG_WARN_NON_LITERAL_NULL_CONVERSION = YES;
				CLANG_WARN_OBJC_IMPLICIT_RETAIN_SELF = YES;
				CLANG_WARN_OBJC_LITERAL_CONVERSION = YES;
				CLANG_WARN_OBJC_ROOT_CLASS = YES_ERROR;
				CLANG_WARN_QUOTED_INCLUDE_IN_FRAMEWORK_HEADER = YES;
				CLANG_WARN_RANGE_LOOP_ANALYSIS = YES;
				CLANG_WARN_STRICT_PROTOTYPES = YES;
				CLANG_WARN_SUSPICIOUS_MOVE = YES;
				CLANG_WARN_UNGUARDED_AVAILABILITY = YES_AGGRESSIVE;
				CLANG_WARN_UNREACHABLE_CODE = YES;
				CLANG_WARN__DUPLICATE_METHOD_MATCH = YES;
				COPY_PHASE_STRIP = NO;
				DEBUG_INFORMATION_FORMAT = "dwarf-with-dsym";
				ENABLE_NS_ASSERTIONS = NO;
				ENABLE_STRICT_OBJC_MSGSEND = YES;
				GCC_C_LANGUAGE_STANDARD = gnu11;
				GCC_NO_COMMON_BLOCKS = YES;
				GCC_WARN_64_TO_32_BIT_CONVERSION = YES;
				GCC_WARN_ABOUT_RETURN_TYPE = YES_ERROR;
				GCC_WARN_UNDECLARED_SELECTOR = YES;
				GCC_WARN_UNINITIALIZED_AUTOS = YES_AGGRESSIVE;
				GCC_WARN_UNUSED_FUNCTION = YES;
				GCC_WARN_UNUSED_VARIABLE = YES;
				IPHONEOS_DEPLOYMENT_TARGET = 15.5;
				MTL_ENABLE_DEBUG_INFO = NO;
				MTL_FAST_MATH = YES;
				SDKROOT = iphoneos;
				VALIDATE_PRODUCT = YES;
			};
			name = Release;
		};
		83A00E27286A4289000334FC /* Debug */ = {
			isa = XCBuildConfiguration;
			baseConfigurationReference = 4D1F0FC91D83185C401F1896 /* Pods-instagram.debug.xcconfig */;
			buildSettings = {
				ASSETCATALOG_COMPILER_APPICON_NAME = AppIcon;
				ASSETCATALOG_COMPILER_GLOBAL_ACCENT_COLOR_NAME = AccentColor;
				CODE_SIGN_STYLE = Automatic;
				CURRENT_PROJECT_VERSION = 1;
				DEVELOPMENT_TEAM = 9PMPF826L8;
				GENERATE_INFOPLIST_FILE = YES;
				INFOPLIST_FILE = instagram/Info.plist;
				INFOPLIST_KEY_UIApplicationSupportsIndirectInputEvents = YES;
				INFOPLIST_KEY_UILaunchStoryboardName = LaunchScreen;
				INFOPLIST_KEY_UIMainStoryboardFile = Main;
				INFOPLIST_KEY_UISupportedInterfaceOrientations_iPad = "UIInterfaceOrientationPortrait UIInterfaceOrientationPortraitUpsideDown UIInterfaceOrientationLandscapeLeft UIInterfaceOrientationLandscapeRight";
				INFOPLIST_KEY_UISupportedInterfaceOrientations_iPhone = "UIInterfaceOrientationPortrait UIInterfaceOrientationLandscapeLeft UIInterfaceOrientationLandscapeRight";
				LD_RUNPATH_SEARCH_PATHS = (
					"$(inherited)",
					"@executable_path/Frameworks",
				);
				MARKETING_VERSION = 1.0;
				PRODUCT_BUNDLE_IDENTIFIER = com.laurajankowski.instagram;
				PRODUCT_NAME = "$(TARGET_NAME)";
				SWIFT_EMIT_LOC_STRINGS = YES;
				TARGETED_DEVICE_FAMILY = "1,2";
			};
			name = Debug;
		};
		83A00E28286A4289000334FC /* Release */ = {
			isa = XCBuildConfiguration;
			baseConfigurationReference = 7091822237161AA7BCCC9B72 /* Pods-instagram.release.xcconfig */;
			buildSettings = {
				ASSETCATALOG_COMPILER_APPICON_NAME = AppIcon;
				ASSETCATALOG_COMPILER_GLOBAL_ACCENT_COLOR_NAME = AccentColor;
				CODE_SIGN_STYLE = Automatic;
				CURRENT_PROJECT_VERSION = 1;
				DEVELOPMENT_TEAM = 9PMPF826L8;
				GENERATE_INFOPLIST_FILE = YES;
				INFOPLIST_FILE = instagram/Info.plist;
				INFOPLIST_KEY_UIApplicationSupportsIndirectInputEvents = YES;
				INFOPLIST_KEY_UILaunchStoryboardName = LaunchScreen;
				INFOPLIST_KEY_UIMainStoryboardFile = Main;
				INFOPLIST_KEY_UISupportedInterfaceOrientations_iPad = "UIInterfaceOrientationPortrait UIInterfaceOrientationPortraitUpsideDown UIInterfaceOrientationLandscapeLeft UIInterfaceOrientationLandscapeRight";
				INFOPLIST_KEY_UISupportedInterfaceOrientations_iPhone = "UIInterfaceOrientationPortrait UIInterfaceOrientationLandscapeLeft UIInterfaceOrientationLandscapeRight";
				LD_RUNPATH_SEARCH_PATHS = (
					"$(inherited)",
					"@executable_path/Frameworks",
				);
				MARKETING_VERSION = 1.0;
				PRODUCT_BUNDLE_IDENTIFIER = com.laurajankowski.instagram;
				PRODUCT_NAME = "$(TARGET_NAME)";
				SWIFT_EMIT_LOC_STRINGS = YES;
				TARGETED_DEVICE_FAMILY = "1,2";
			};
			name = Release;
		};
		83A00E2A286A4289000334FC /* Debug */ = {
			isa = XCBuildConfiguration;
			baseConfigurationReference = 3A89E0F535AF7F4D1C2411F0 /* Pods-instagramTests.debug.xcconfig */;
			buildSettings = {
				BUNDLE_LOADER = "$(TEST_HOST)";
				CODE_SIGN_STYLE = Automatic;
				CURRENT_PROJECT_VERSION = 1;
				DEVELOPMENT_TEAM = 9PMPF826L8;
				GENERATE_INFOPLIST_FILE = YES;
				IPHONEOS_DEPLOYMENT_TARGET = 15.5;
				MARKETING_VERSION = 1.0;
				PRODUCT_BUNDLE_IDENTIFIER = com.laurajankowski.instagramTests;
				PRODUCT_NAME = "$(TARGET_NAME)";
				SWIFT_EMIT_LOC_STRINGS = NO;
				TARGETED_DEVICE_FAMILY = "1,2";
				TEST_HOST = "$(BUILT_PRODUCTS_DIR)/instagram.app/instagram";
			};
			name = Debug;
		};
		83A00E2B286A4289000334FC /* Release */ = {
			isa = XCBuildConfiguration;
			baseConfigurationReference = C7FB7E9173DF53E18799C5A9 /* Pods-instagramTests.release.xcconfig */;
			buildSettings = {
				BUNDLE_LOADER = "$(TEST_HOST)";
				CODE_SIGN_STYLE = Automatic;
				CURRENT_PROJECT_VERSION = 1;
				DEVELOPMENT_TEAM = 9PMPF826L8;
				GENERATE_INFOPLIST_FILE = YES;
				IPHONEOS_DEPLOYMENT_TARGET = 15.5;
				MARKETING_VERSION = 1.0;
				PRODUCT_BUNDLE_IDENTIFIER = com.laurajankowski.instagramTests;
				PRODUCT_NAME = "$(TARGET_NAME)";
				SWIFT_EMIT_LOC_STRINGS = NO;
				TARGETED_DEVICE_FAMILY = "1,2";
				TEST_HOST = "$(BUILT_PRODUCTS_DIR)/instagram.app/instagram";
			};
			name = Release;
		};
		83A00E2D286A4289000334FC /* Debug */ = {
			isa = XCBuildConfiguration;
			baseConfigurationReference = 3EF2B1BBF52D3226A7E2C667 /* Pods-instagram-instagramUITests.debug.xcconfig */;
			buildSettings = {
				CODE_SIGN_STYLE = Automatic;
				CURRENT_PROJECT_VERSION = 1;
				DEVELOPMENT_TEAM = 9PMPF826L8;
				GENERATE_INFOPLIST_FILE = YES;
				MARKETING_VERSION = 1.0;
				PRODUCT_BUNDLE_IDENTIFIER = com.laurajankowski.instagramUITests;
				PRODUCT_NAME = "$(TARGET_NAME)";
				SWIFT_EMIT_LOC_STRINGS = NO;
				TARGETED_DEVICE_FAMILY = "1,2";
				TEST_TARGET_NAME = instagram;
			};
			name = Debug;
		};
		83A00E2E286A4289000334FC /* Release */ = {
			isa = XCBuildConfiguration;
			baseConfigurationReference = EEE61AF83B8D673C8B109869 /* Pods-instagram-instagramUITests.release.xcconfig */;
			buildSettings = {
				CODE_SIGN_STYLE = Automatic;
				CURRENT_PROJECT_VERSION = 1;
				DEVELOPMENT_TEAM = 9PMPF826L8;
				GENERATE_INFOPLIST_FILE = YES;
				MARKETING_VERSION = 1.0;
				PRODUCT_BUNDLE_IDENTIFIER = com.laurajankowski.instagramUITests;
				PRODUCT_NAME = "$(TARGET_NAME)";
				SWIFT_EMIT_LOC_STRINGS = NO;
				TARGETED_DEVICE_FAMILY = "1,2";
				TEST_TARGET_NAME = instagram;
			};
			name = Release;
		};
/* End XCBuildConfiguration section */

/* Begin XCConfigurationList section */
		83A00DF2286A4289000334FC /* Build configuration list for PBXProject "instagram" */ = {
			isa = XCConfigurationList;
			buildConfigurations = (
				83A00E24286A4289000334FC /* Debug */,
				83A00E25286A4289000334FC /* Release */,
			);
			defaultConfigurationIsVisible = 0;
			defaultConfigurationName = Release;
		};
		83A00E26286A4289000334FC /* Build configuration list for PBXNativeTarget "instagram" */ = {
			isa = XCConfigurationList;
			buildConfigurations = (
				83A00E27286A4289000334FC /* Debug */,
				83A00E28286A4289000334FC /* Release */,
			);
			defaultConfigurationIsVisible = 0;
			defaultConfigurationName = Release;
		};
		83A00E29286A4289000334FC /* Build configuration list for PBXNativeTarget "instagramTests" */ = {
			isa = XCConfigurationList;
			buildConfigurations = (
				83A00E2A286A4289000334FC /* Debug */,
				83A00E2B286A4289000334FC /* Release */,
			);
			defaultConfigurationIsVisible = 0;
			defaultConfigurationName = Release;
		};
		83A00E2C286A4289000334FC /* Build configuration list for PBXNativeTarget "instagramUITests" */ = {
			isa = XCConfigurationList;
			buildConfigurations = (
				83A00E2D286A4289000334FC /* Debug */,
				83A00E2E286A4289000334FC /* Release */,
			);
			defaultConfigurationIsVisible = 0;
			defaultConfigurationName = Release;
		};
/* End XCConfigurationList section */
	};
	rootObject = 83A00DEF286A4289000334FC /* Project object */;
}
